version = 1
revision = 3
requires-python = ">=3.14"
resolution-markers = [
    "sys_platform == 'win32'",
    "sys_platform == 'emscripten'",
    "sys_platform != 'emscripten' and sys_platform != 'win32'",
]

[[package]]
name = "basedpyright"
version = "1.39.8"
source = { registry = "https://mirrors.tuna.tsinghua.edu.cn/pypi/web/simple" }
dependencies = [
    { name = "nodejs-wheel-binaries" },
]
sdist = { url = "https://mirrors.tuna.tsinghua.edu.cn/pypi/web/packages/d2/62/8550c75850b2185df984d1de437b4805b039ba856cacbee2966236203133/basedpyright-1.39.8.tar.gz", hash = "sha256:bb1a86d4d71425d52d1501b317fe23d45527baed06bd5d5e1a07cd4b60d07b55", size = 25488230, upload-time = "2026-06-14T09:05:30.177Z" }
wheels = [
    { url = "https://mirrors.tuna.tsinghua.edu.cn/pypi/web/packages/f5/94/878454aefe94328ba7ad808ecd63da8311aae1198da46cfb29f5cfe130a8/basedpyright-1.39.8-py3-none-any.whl", hash = "sha256:a79d89928064bd9023d429b50c625d87d023bacc2fe3932ef6c7bd13b5426048", size = 13182726, upload-time = "2026-06-14T09:05:26.368Z" },
]

[[package]]
name = "et-xmlfile"
version = "2.0.0"
source = { registry = "https://mirrors.tuna.tsinghua.edu.cn/pypi/web/simple" }
sdist = { url = "https://mirrors.tuna.tsinghua.edu.cn/pypi/web/packages/d3/38/af70d7ab1ae9d4da450eeec1fa3918940a5fafb9055e934af8d6eb0c2313/et_xmlfile-2.0.0.tar.gz", hash = "sha256:dab3f4764309081ce75662649be815c4c9081e88f0837825f90fd28317d4da54", size = 17234, upload-time = "2024-10-25T17:25:40.039Z" }
wheels = [
    { url = "https://mirrors.tuna.tsinghua.edu.cn/pypi/web/packages/c1/8b/5fe2cc11fee489817272089c4203e679c63b570a5aaeb18d852ae3cbba6a/et_xmlfile-2.0.0-py3-none-any.whl", hash = "sha256:7a91720bc756843502c3b7504c77b8fe44217c85c537d85037f0f536151b2caa", size = 18059, upload-time = "2024-10-25T17:25:39.051Z" },
]

[[package]]
name = "gaokaozhiyuan-assistant"
version = "0.1.0"
source = { virtual = "." }
dependencies = [
    { name = "basedpyright" },
    { name = "openpyxl" },
    { name = "pandas" },
]

[package.metadata]
requires-dist = [
    { name = "basedpyright", specifier = ">=1.39.8" },
    { name = "openpyxl", specifier = ">=3.1.5" },
    { name = "pandas", specifier = ">=3.0.3" },
]

[[package]]
name = "nodejs-wheel-binaries"
version = "24.16.0"
source = { registry = "https://mirrors.tuna.tsinghua.edu.cn/pypi/web/simple" }
sdist = { url = "https://mirrors.tuna.tsinghua.edu.cn/pypi/web/packages/a3/22/2a5beb4e21417c73233d9f65cf6f3e96e891b80d2f550a8f630ebc6b88c6/nodejs_wheel_binaries-24.16.0.tar.gz", hash = "sha256:c973cb69dc5fd16e6f6dc6e579e2c3d5534e2a1f57619dddf5ba070efa7dde37", size = 8056, upload-time = "2026-05-30T16:52:09.807Z" }
wheels = [
    { url = "https://mirrors.tuna.tsinghua.edu.cn/pypi/web/packages/83/d1/68b43b53cd0fa83ae6fd406705023ca988d9e0ca41c724d82e66fbeb2ef6/nodejs_wheel_binaries-24.16.0-py2.py3-none-macosx_13_0_arm64.whl", hash = "sha256:d9f8f677dcf30e37ac244f07869726abe043f01eb0f45722b1df31cc2af7093c", size = 55666374, upload-time = "2026-05-30T16:51:39.588Z" },
    { url = "https://mirrors.tuna.tsinghua.edu.cn/pypi/web/packages/e9/b2/40a989159599080da485de966c4c2d207e852ac7aa7864702626d96c8bf5/nodejs_wheel_binaries-24.16.0-py2.py3-none-macosx_13_0_x86_64.whl", hash = "sha256:3d0370fe7120ce9697a4f60d40480d2bd8808d9f30131458d5afc0040d4e5a51", size = 55838487, upload-time = "2026-05-30T16:51:43.383Z" },
    { url = "https://mirrors.tuna.tsinghua.edu.cn/pypi/web/packages/d7/a7/cd42174fb5ff6faff7fa8d326a18914d8f232098ab5de055b57c16fa13ca/nodejs_wheel_binaries-24.16.0-py2.py3-none-manylinux_2_28_aarch64.whl", hash = "sha256:85dc92bbb79c851569c5925dcc2a4c915a034efab375f99e4e7e6bbe9cca8342", size = 60179540, upload-time = "2026-05-30T16:51:47.036Z" },
    { url = "https://mirrors.tuna.tsinghua.edu.cn/pypi/web/packages/2b/95/c8a1f9ae140aa28df8744d984d01d4b3af7cdd6555af12127f40ceb45a7d/nodejs_wheel_binaries-24.16.0-py2.py3-none-manylinux_2_28_x86_64.whl", hash = "sha256:2f3036292811514ba847b3708492644764f88a833ac425c5f55007014308ddfd", size = 60716262, upload-time = "2026-05-30T16:51:50.711Z" },
    { url = "https://mirrors.tuna.tsinghua.edu.cn/pypi/web/packages/64/c9/7c35b3737f59e36d0249c265397b7bff570519b95301d6e16ea361e904ad/nodejs_wheel_binaries-24.16.0-py2.py3-none-musllinux_1_2_aarch64.whl", hash = "sha256:db8a8a76ebd2b28ecbfc9ad464baa3707241b9e050a30e2efdf6f60c0f886502", size = 62230592, upload-time = "2026-05-30T16:51:55Z" },
    { url = "https://mirrors.tuna.tsinghua.edu.cn/pypi/web/packages/04/96/d931255cf9d11a84d6b54d882dba7434646467d568ccf070ea3418638df3/nodejs_wheel_binaries-24.16.0-py2.py3-none-musllinux_1_2_x86_64.whl", hash = "sha256:f1a3d8f7b4491cbbd023ba3fc4e901fcca2d9fb80d57f24ba3890de8b1dbac03", size = 62841759, upload-time = "2026-05-30T16:51:59.407Z" },
    { url = "https://mirrors.tuna.tsinghua.edu.cn/pypi/web/packages/a2/7b/8b7a3f41bc255411be30b6d7d288aab8ffd9ea2055db8555ced3548007b9/nodejs_wheel_binaries-24.16.0-py2.py3-none-win_amd64.whl", hash = "sha256:bb136be9944f0662dcf1120f45193a6b75b13fac378971a95cc42c9f879a81aa", size = 42027734, upload-time = "2026-05-30T16:52:03.348Z" },
    { url = "https://mirrors.tuna.tsinghua.edu.cn/pypi/web/packages/17/66/1ed71f1f529b8ca727d42c7ceb9db0bef145ce4a13dfc86fb50aa44f3be6/nodejs_wheel_binaries-24.16.0-py2.py3-none-win_arm64.whl", hash = "sha256:8308940b5edd0a50dc5267ea36ba21c9f668e83fe0d9f293937174d3a7e31c36", size = 39714528, upload-time = "2026-05-30T16:52:06.421Z" },
]

[[package]]
name = "numpy"
version = "2.5.0"
source = { registry = "https://mirrors.tuna.tsinghua.edu.cn/pypi/web/simple" }
sdist = { url = "https://mirrors.tuna.tsinghua.edu.cn/pypi/web/packages/e7/05/3d27272d30698dc0ecb7fdfaa41ad70303b444f81722bb99bce1d818638a/numpy-2.5.0.tar.gz", hash = "sha256:5a129578019311b6e56bdd714250f19b518f7dceeeb8d1af5490f4942d3f891c", size = 20652461, upload-time = "2026-06-21T20:57:51.95Z" }
wheels = [
    { url = "https://mirrors.tuna.tsinghua.edu.cn/pypi/web/packages/86/ad/abc44aaceaf7b17ee1edde2bbb4458da591bc79574cffff50c4bb35f00d1/numpy-2.5.0-cp314-cp314-macosx_10_15_x86_64.whl", hash = "sha256:f27582c55ba4c750b7c58c8faf021d2cd9324a662b466229db8a417b41368af9", size = 16783807, upload-time = "2026-06-21T20:57:06.253Z" },
    { url = "https://mirrors.tuna.tsinghua.edu.cn/pypi/web/packages/5d/39/b72e168daf9c00fb20c9fc996d00437ccecdef3102387775d29d7a62576d/numpy-2.5.0-cp314-cp314-macosx_11_0_arm64.whl", hash = "sha256:28e7137057d551e4a83c4ae414e3451f50568409db7569aacc7f9811ee06a446", size = 11765215, upload-time = "2026-06-21T20:57:08.547Z" },
    { url = "https://mirrors.tuna.tsinghua.edu.cn/pypi/web/packages/f7/a0/8400a9c0e3625182347593f5e1f57da9a617a534794805c8df5518154ddc/numpy-2.5.0-cp314-cp314-macosx_14_0_arm64.whl", hash = "sha256:e1da54b53e75cd9fcfc23efcc7edab2c6aecf97b6037566d8a0fe804af8ec57c", size = 5324493, upload-time = "2026-06-21T20:57:11.012Z" },
    { url = "https://mirrors.tuna.tsinghua.edu.cn/pypi/web/packages/f6/8c/0d104deaa0401c93395a629ec902891618a2eff76d19229139cb5a887bfc/numpy-2.5.0-cp314-cp314-macosx_14_0_x86_64.whl", hash = "sha256:694d8f74e156f7fd01179f1aa8faa2f648ab6ae0f70b6c3fe57a03249aea2303", size = 6645211, upload-time = "2026-06-21T20:57:12.919Z" },
    { url = "https://mirrors.tuna.tsinghua.edu.cn/pypi/web/packages/6a/d9/4a4a628c812750363786afc3d33492709a5cd64b215469c16b0f6c7bb811/numpy-2.5.0-cp314-cp314-manylinux_2_27_aarch64.manylinux_2_28_aarch64.whl", hash = "sha256:1a7569a7b53c77716f036bb28cb1c91f166a26ec7d9502cd1e4bdfe502fdec22", size = 15166004, upload-time = "2026-06-21T20:57:14.717Z" },
    { url = "https://mirrors.tuna.tsinghua.edu.cn/pypi/web/packages/a0/5e/2a902317d7fc4aa93236e80c932662dadfc459b323d758329e01775125e1/numpy-2.5.0-cp314-cp314-manylinux_2_27_x86_64.manylinux_2_28_x86_64.whl", hash = "sha256:39a0433bd4086ebd462960cf375e19195bb07b53dc1d87dd5fcf47ad78576f03", size = 16650797, upload-time = "2026-06-21T20:57:16.906Z" },
    { url = "https://mirrors.tuna.tsinghua.edu.cn/pypi/web/packages/e9/a0/a0090e6329f4ca5992c07847bb579c5259a19953dc57255bb08793142ffb/numpy-2.5.0-cp314-cp314-musllinux_1_2_aarch64.whl", hash = "sha256:929f0c79ac38bcbd7154fe631dc907abfeddbcc5027a896bd1f7767323271e7a", size = 16524647, upload-time = "2026-06-21T20:57:19.165Z" },
    { url = "https://mirrors.tuna.tsinghua.edu.cn/pypi/web/packages/5e/7d/6caf27734c42b65837e7461ed0dbbd6b6fc835060c9714ec59d673bb383a/numpy-2.5.0-cp314-cp314-musllinux_1_2_x86_64.whl", hash = "sha256:cc4f247a47bbf070bfd70be53ccdcf47b800af563535e7bbe172322197c30e21", size = 18411841, upload-time = "2026-06-21T20:57:21.638Z" },
    { url = "https://mirrors.tuna.tsinghua.edu.cn/pypi/web/packages/13/dc/26edadbd812536769a82c2e9e002234e33feb5da43061d47a044f6d309b7/numpy-2.5.0-cp314-cp314-win32.whl", hash = "sha256:5dc71423499fab3f46f7a7201155ade1669ea101f2f429d332df9e72f8161731", size = 6106361, upload-time = "2026-06-21T20:57:23.844Z" },
    { url = "https://mirrors.tuna.tsinghua.edu.cn/pypi/web/packages/f2/9e/4dd1459282229a72d92dece2ae9138e5cac94a72263a7ceb48f37434c925/numpy-2.5.0-cp314-cp314-win_amd64.whl", hash = "sha256:ebb81d9d5443e0309d6c54894c3fbed74ad7da0714352a67b6d773cd189eae73", size = 12551749, upload-time = "2026-06-21T20:57:25.945Z" },
    { url = "https://mirrors.tuna.tsinghua.edu.cn/pypi/web/packages/05/a7/6bc6384c080b86c7f6c85c5bc5b540b24f4f679cd144791d99574e90d462/numpy-2.5.0-cp314-cp314-win_arm64.whl", hash = "sha256:3b94d0d0deceebfad3e67ae5c0e5eb87371e8f7a0581cd04a779928c2450cf1e", size = 10617072, upload-time = "2026-06-21T20:57:28.175Z" },
    { url = "https://mirrors.tuna.tsinghua.edu.cn/pypi/web/packages/86/6b/4a2b71d66ada5608ae02b63f150dfad520f6940721cb7f029ad270befc0e/numpy-2.5.0-cp314-cp314t-macosx_11_0_arm64.whl", hash = "sha256:22f3d43e362d650bc39db1f17851302874a148ca95ba6981c1dfb5fa6862f35b", size = 11881067, upload-time = "2026-06-21T20:57:30.104Z" },
    { url = "https://mirrors.tuna.tsinghua.edu.cn/pypi/web/packages/dc/b2/d365eb40a20efb49d67e9feb90494ed8511282ee1f5fa16006675c65397d/numpy-2.5.0-cp314-cp314t-macosx_14_0_arm64.whl", hash = "sha256:243563efb4cd7528a264567e9fd206c87826457322521d06206a00bfa316c927", size = 5440290, upload-time = "2026-06-21T20:57:32.193Z" },
    { url = "https://mirrors.tuna.tsinghua.edu.cn/pypi/web/packages/fa/5e/e9c03188de5f9b767e46a8fe988bcfd3efad066a4a3fda8b9cb11a93f895/numpy-2.5.0-cp314-cp314t-macosx_14_0_x86_64.whl", hash = "sha256:84881d825ca75249b189bbee875fcfe3238aa5c479e6100893cda566e8e86826", size = 6748371, upload-time = "2026-06-21T20:57:33.933Z" },
    { url = "https://mirrors.tuna.tsinghua.edu.cn/pypi/web/packages/fd/1d/68c186a38a5027bae2c4ddd5ea681fdaf8b4d30fb7301def6d8ad270390f/numpy-2.5.0-cp314-cp314t-manylinux_2_27_aarch64.manylinux_2_28_aarch64.whl", hash = "sha256:cda12aa4779d42b8771180aba759c96f527d43446d8f380ab59e2b35e8489efd", size = 15214643, upload-time = "2026-06-21T20:57:35.677Z" },
    { url = "https://mirrors.tuna.tsinghua.edu.cn/pypi/web/packages/8c/67/73f67b7c7e20635baae9c4c3ead4ae7326a005900297a6110971abd62eb5/numpy-2.5.0-cp314-cp314t-manylinux_2_27_x86_64.manylinux_2_28_x86_64.whl", hash = "sha256:1c0121101093d2bd74981b10f8837d78e794a8ff57834eb27179f49e1ba11ac6", size = 16690128, upload-time = "2026-06-21T20:57:38.159Z" },
    { url = "https://mirrors.tuna.tsinghua.edu.cn/pypi/web/packages/eb/05/d4c1fb0c46d02a27d6b2b8b319a78c90937acec8631c1641874670b31e6f/numpy-2.5.0-cp314-cp314t-musllinux_1_2_aarch64.whl", hash = "sha256:d371c92cfa09da00022f501ab67fafaea813d752eb30ac44336d45b1e5b0268a", size = 16577902, upload-time = "2026-06-21T20:57:40.447Z" },
    { url = "https://mirrors.tuna.tsinghua.edu.cn/pypi/web/packages/9e/1d/771c797d50fa26e4888989cccf1d50ee51f530d4e455ad2692dcb64fa711/numpy-2.5.0-cp314-cp314t-musllinux_1_2_x86_64.whl", hash = "sha256:9990713e9c38154c6861e7547f1e3fc7a87e75ff09bab24ef1cc81d81c2835e9", size = 18452814, upload-time = "2026-06-21T20:57:42.875Z" },
    { url = "https://mirrors.tuna.tsinghua.edu.cn/pypi/web/packages/e8/46/52fc0d2a68d7643f0f149eeea5a5d8ea2a3507056ac8afa83c9212606e8b/numpy-2.5.0-cp314-cp314t-win32.whl", hash = "sha256:edadfbd4794b1086c0d822f81863e8a68fc129d132fd0bb9e31e955d7fbbbdb7", size = 6253168, upload-time = "2026-06-21T20:57:45.101Z" },
    { url = "https://mirrors.tuna.tsinghua.edu.cn/pypi/web/packages/2a/be/6c8d1118b5f13b2881dc095d5b345de19c6638b8959c17409b6eff84c8aa/numpy-2.5.0-cp314-cp314t-win_amd64.whl", hash = "sha256:f7e5fa4382967ae6548bd2f174219afb908e294b0d5f625af01166edd5f7d9aa", size = 12736286, upload-time = "2026-06-21T20:57:46.935Z" },
    { url = "https://mirrors.tuna.tsinghua.edu.cn/pypi/web/packages/fd/6a/d3a169aaf8536cf228d56a09e04bcb713a2fe4410d4e2105b9419b5a9c89/numpy-2.5.0-cp314-cp314t-win_arm64.whl", hash = "sha256:016623417bb330d719d579daf2d6b9a01ddc52e41a9ed61a47f39fde46dcd865", size = 10686451, upload-time = "2026-06-21T20:57:49.313Z" },
]

[[package]]
name = "openpyxl"
version = "3.1.5"
source = { registry = "https://mirrors.tuna.tsinghua.edu.cn/pypi/web/simple" }
dependencies = [
    { name = "et-xmlfile" },
]
sdist = { url = "https://mirrors.tuna.tsinghua.edu.cn/pypi/web/packages/3d/f9/88d94a75de065ea32619465d2f77b29a0469500e99012523b91cc4141cd1/openpyxl-3.1.5.tar.gz", hash = "sha256:cf0e3cf56142039133628b5acffe8ef0c12bc902d2aadd3e0fe5878dc08d1050", size = 186464, upload-time = "2024-06-28T14:03:44.161Z" }
wheels = [
    { url = "https://mirrors.tuna.tsinghua.edu.cn/pypi/web/packages/c0/da/977ded879c29cbd04de313843e76868e6e13408a94ed6b987245dc7c8506/openpyxl-3.1.5-py2.py3-none-any.whl", hash = "sha256:5282c12b107bffeef825f4617dc029afaf41d0ea60823bbb665ef3079dc79de2", size = 250910, upload-time = "2024-06-28T14:03:41.161Z" },
]

[[package]]
name = "pandas"
version = "3.0.3"
source = { registry = "https://mirrors.tuna.tsinghua.edu.cn/pypi/web/simple" }
dependencies = [
    { name = "numpy" },
    { name = "python-dateutil" },
    { name = "tzdata", marker = "sys_platform == 'emscripten' or sys_platform == 'win32'" },
]
sdist = { url = "https://mirrors.tuna.tsinghua.edu.cn/pypi/web/packages/f8/87/4341c6252d1c47b08768c3d25ac487362bf403f0313ddae4a2a26c9b1b4c/pandas-3.0.3.tar.gz", hash = "sha256:696a4a00a2a2a35d4e5deb3fc946641b96c944f02230e4f76137fe35d806c4fc", size = 4651414, upload-time = "2026-05-11T18:54:29.21Z" }
wheels = [
    { url = "https://mirrors.tuna.tsinghua.edu.cn/pypi/web/packages/86/54/effdcc3c0ff7a08037889200e148ebe94c16c4f653be078c7b3675955df1/pandas-3.0.3-cp314-cp314-macosx_10_15_x86_64.whl", hash = "sha256:3650109c0f22879df8bd6179ab9ee3d7f1d1d4e7e0094a3f0032d9f51e2e64ac", size = 10336065, upload-time = "2026-05-11T18:53:41.099Z" },
    { url = "https://mirrors.tuna.tsinghua.edu.cn/pypi/web/packages/68/10/bf2d6738d72748b961a3751ab89522d58c54efc36a8e1a12161216cd45cf/pandas-3.0.3-cp314-cp314-macosx_11_0_arm64.whl", hash = "sha256:bab900348131a7db1f69a7309ef141fd5680f1487094193bcbbb61791573bf8f", size = 9926101, upload-time = "2026-05-11T18:53:43.515Z" },
    { url = "https://mirrors.tuna.tsinghua.edu.cn/pypi/web/packages/ae/e9/e35cf11c8a136e757b956f5f0efdcaa50aecde85ea055f1898dfc68262f3/pandas-3.0.3-cp314-cp314-manylinux_2_24_aarch64.manylinux_2_28_aarch64.whl", hash = "sha256:ba7e08b9ac1d54569cd1e256e3668975ed624d6826f7b68df0342b012007bddb", size = 10457553, upload-time = "2026-05-11T18:53:46.394Z" },
    { url = "https://mirrors.tuna.tsinghua.edu.cn/pypi/web/packages/58/3b/1cdec6772bdbaf7b25dab360c59f03cadf05492dd724c6540af905389b07/pandas-3.0.3-cp314-cp314-manylinux_2_24_x86_64.manylinux_2_28_x86_64.whl", hash = "sha256:9d71c63ae4ebdbf70209742096f1fc46a83a0613c99d4b23766cced9ff8cd62a", size = 10914065, upload-time = "2026-05-11T18:53:49.134Z" },
    { url = "https://mirrors.tuna.tsinghua.edu.cn/pypi/web/packages/c4/c2/1ef644445fcd72e3627bceec77e3560636f87ddce4ed841afe76b83b5bf9/pandas-3.0.3-cp314-cp314-musllinux_1_2_aarch64.whl", hash = "sha256:e3a2ec42c98ffa2565a67e08e218d06d72576d758d90facb7c00805194d8f360", size = 11459188, upload-time = "2026-05-11T18:53:52.527Z" },
    { url = "https://mirrors.tuna.tsinghua.edu.cn/pypi/web/packages/7e/49/4d8d4f42cbc9c4adc7a1870f269c02cbd6cd40d059622c06fb298addcbad/pandas-3.0.3-cp314-cp314-musllinux_1_2_x86_64.whl", hash = "sha256:335f62418ed562cfc3c49e9e196375c28b729dcef8543abf4f9438e381bf3c76", size = 11982966, upload-time = "2026-05-11T18:53:55.043Z" },
    { url = "https://mirrors.tuna.tsinghua.edu.cn/pypi/web/packages/38/55/792619469bab9882d8bbd5865d45a72f6478762d04a9af4bf0d08c503e95/pandas-3.0.3-cp314-cp314-win_amd64.whl", hash = "sha256:3c20a521bbb85902f79f7270c80a59e1b5452d96d170c034f207181870f97ac5", size = 9876755, upload-time = "2026-05-11T18:53:58.067Z" },
    { url = "https://mirrors.tuna.tsinghua.edu.cn/pypi/web/packages/2a/af/33c469653b0ba03b50c3a98192d4c07f0c75c66b263ceb097fce0ee97d31/pandas-3.0.3-cp314-cp314-win_arm64.whl", hash = "sha256:a2d2dff8a04f3917b55ab3910c32990f8ddf7eceba114947838cefa976a68977", size = 9198658, upload-time = "2026-05-11T18:54:00.733Z" },
    { url = "https://mirrors.tuna.tsinghua.edu.cn/pypi/web/packages/a2/fa/b8c257bd76b8bd060c3a9151c1fca05e9b9c5e3af5d0f549c0356f6d143d/pandas-3.0.3-cp314-cp314t-macosx_10_15_x86_64.whl", hash = "sha256:0d589105b3c14645af1738ff279b2995102d8f7a03b0a66dc8d95550eb513e04", size = 10787242, upload-time = "2026-05-11T18:54:03.564Z" },
    { url = "https://mirrors.tuna.tsinghua.edu.cn/pypi/web/packages/54/eb/f19206ffb0bf1919002969aa448b4702c6594845156a6f8050674855aac3/pandas-3.0.3-cp314-cp314t-macosx_11_0_arm64.whl", hash = "sha256:13fc1e853d9e04743d11ba75a985ccbc2a317fe07d8af61e445a6fd24dacd6a6", size = 10436369, upload-time = "2026-05-11T18:54:06.311Z" },
    { url = "https://mirrors.tuna.tsinghua.edu.cn/pypi/web/packages/fd/24/c7c39fb4fe22b71a0c2d78bf0c585c600092d85f94f086d2b3b2f6ca27e2/pandas-3.0.3-cp314-cp314t-manylinux_2_24_aarch64.manylinux_2_28_aarch64.whl", hash = "sha256:819959dab7bbd0049c15623fbac4e29a191b9528160a61fb1032242d8ced2d9c", size = 10358306, upload-time = "2026-05-11T18:54:09.085Z" },
    { url = "https://mirrors.tuna.tsinghua.edu.cn/pypi/web/packages/16/ec/dd2a9eb7fa1204df88c0864164e35b228ac581062ac612ba0a67fd812e4c/pandas-3.0.3-cp314-cp314t-manylinux_2_24_x86_64.manylinux_2_28_x86_64.whl", hash = "sha256:60ae316d3fd75d1858d450d0db0103ea2be3e7d4a95ec2f064f7e2ae63f7b028", size = 10758394, upload-time = "2026-05-11T18:54:11.956Z" },
    { url = "https://mirrors.tuna.tsinghua.edu.cn/pypi/web/packages/95/6e/00c61ea8e85b4f6d8d35e11852a1a4998fc7fafc91c6a602d1cc9c972d64/pandas-3.0.3-cp314-cp314t-musllinux_1_2_aarch64.whl", hash = "sha256:bd3a518890b400d32f9023722dc9a9a5c969f00b415419a3c06c043f09bb5d7d", size = 11375717, upload-time = "2026-05-11T18:54:14.539Z" },
    { url = "https://mirrors.tuna.tsinghua.edu.cn/pypi/web/packages/31/89/8fc1c268969fac43688d65fd92e67df24bd128d53cb4d2eee534cd307399/pandas-3.0.3-cp314-cp314t-musllinux_1_2_x86_64.whl", hash = "sha256:9c39be2d709d01fa972a0cabc522389fceca4f3969332ba25a7d6c5802cf976a", size = 11828897, upload-time = "2026-05-11T18:54:17.146Z" },
    { url = "https://mirrors.tuna.tsinghua.edu.cn/pypi/web/packages/56/3b/e7d20dea247a3e6dc0bd8a6953854afbedc03951def4e7371e05e7263e25/pandas-3.0.3-cp314-cp314t-win_amd64.whl", hash = "sha256:4db8c527972a821cf5286b40ccc57642a39bc62e62022b42f99f8a67fca8c3a1", size = 10900855, upload-time = "2026-05-11T18:54:19.72Z" },
    { url = "https://mirrors.tuna.tsinghua.edu.cn/pypi/web/packages/0f/54/68a0978d1ef8502b8492099beaa6e7a0c1b32e3b5d4f677f5810cb08711c/pandas-3.0.3-cp314-cp314t-win_arm64.whl", hash = "sha256:b2c95f8bfc1ee412bf482605d7bfd30c12d1d26bd59fdd91efeef1d4718decb1", size = 9466464, upload-time = "2026-05-11T18:54:22.754Z" },
]

[[package]]
name = "python-dateutil"
version = "2.9.0.post0"
source = { registry = "https://mirrors.tuna.tsinghua.edu.cn/pypi/web/simple" }
dependencies = [
    { name = "six" },
]
sdist = { url = "https://mirrors.tuna.tsinghua.edu.cn/pypi/web/packages/66/c0/0c8b6ad9f17a802ee498c46e004a0eb49bc148f2fd230864601a86dcf6db/python-dateutil-2.9.0.post0.tar.gz", hash = "sha256:37dd54208da7e1cd875388217d5e00ebd4179249f90fb72437e91a35459a0ad3", size = 342432, upload-time = "2024-03-01T18:36:20.211Z" }
wheels = [
    { url = "https://mirrors.tuna.tsinghua.edu.cn/pypi/web/packages/ec/57/56b9bcc3c9c6a792fcbaf139543cee77261f3651ca9da0c93f5c1221264b/python_dateutil-2.9.0.post0-py2.py3-none-any.whl", hash = "sha256:a8b2bc7bffae282281c8140a97d3aa9c14da0b136dfe83f850eea9a5f7470427", size = 229892, upload-time = "2024-03-01T18:36:18.57Z" },
]

[[package]]
name = "six"
version = "1.17.0"
source = { registry = "https://mirrors.tuna.tsinghua.edu.cn/pypi/web/simple" }
sdist = { url = "https://mirrors.tuna.tsinghua.edu.cn/pypi/web/packages/94/e7/b2c673351809dca68a0e064b6af791aa332cf192da575fd474ed7d6f16a2/six-1.17.0.tar.gz", hash = "sha256:ff70335d468e7eb6ec65b95b99d3a2836546063f63acc5171de367e834932a81", size = 34031, upload-time = "2024-12-04T17:35:28.174Z" }
wheels = [
    { url = "https://mirrors.tuna.tsinghua.edu.cn/pypi/web/packages/b7/ce/149a00dd41f10bc29e5921b496af8b574d8413afcd5e30dfa0ed46c2cc5e/six-1.17.0-py2.py3-none-any.whl", hash = "sha256:4721f391ed90541fddacab5acf947aa0d3dc7d27b2e1e8eda2be8970586c3274", size = 11050, upload-time = "2024-12-04T17:35:26.475Z" },
]

[[package]]
name = "tzdata"
version = "2026.2"
source = { registry = "https://mirrors.tuna.tsinghua.edu.cn/pypi/web/simple" }
sdist = { url = "https://mirrors.tuna.tsinghua.edu.cn/pypi/web/packages/ba/19/1b9b0e29f30c6d35cb345486df41110984ea67ae69dddbc0e8a100999493/tzdata-2026.2.tar.gz", hash = "sha256:9173fde7d80d9018e02a662e168e5a2d04f87c41ea174b139fbef642eda62d10", size = 198254, upload-time = "2026-04-24T15:22:08.651Z" }
wheels = [
    { url = "https://mirrors.tuna.tsinghua.edu.cn/pypi/web/packages/ce/e4/dccd7f47c4b64213ac01ef921a1337ee6e30e8c6466046018326977efd95/tzdata-2026.2-py2.py3-none-any.whl", hash = "sha256:bbe9af844f658da81a5f95019480da3a89415801f6cc966806612cc7169bffe7", size = 349321, upload-time = "2026-04-24T15:22:05.876Z" },
]
